
Microsoft Visual Studio Solution File, Format Version 12.00
# Visual Studio 15
Project("{FAE04EC0-301F-11D3-BF4B-00C04F79EFBC}") = "Assembly-CSharp", "Assembly-CSharp.csproj", "{4DF671FF-3391-B525-E59B-5087DA160BEC}"
EndProject
Project("{FAE04EC0-301F-11D3-BF4B-00C04F79EFBC}") = "Assembly-CSharp-firstpass", "Assembly-CSharp-firstpass.csproj", "{0C3E8779-6F07-83CD-6376-FA30412EC403}"
EndProject
Project("{FAE04EC0-301F-11D3-BF4B-00C04F79EFBC}") = "Assembly-CSharp-Editor", "Assembly-CSharp-Editor.csproj", "{5C40A2B9-7A5E-6512-2009-9FA931D1FDAE}"
EndProject
Global
	GlobalSection(SolutionConfigurationPlatforms) = preSolution
		Debug|Any CPU = Debug|Any CPU
		Release|Any CPU = Release|Any CPU
	EndGlobalSection
	GlobalSection(ProjectConfigurationPlatforms) = postSolution
		{4DF671FF-3391-B525-E59B-5087DA160BEC}.Debug|Any CPU.ActiveCfg = Debug|Any CPU
		{4DF671FF-3391-B525-E59B-5087DA160BEC}.Debug|Any CPU.Build.0 = Debug|Any CPU
		{4DF671FF-3391-B525-E59B-5087DA160BEC}.Release|Any CPU.ActiveCfg = Release|Any CPU
		{4DF671FF-3391-B525-E59B-5087DA160BEC}.Release|Any CPU.Build.0 = Release|Any CPU
		{0C3E8779-6F07-83CD-6376-FA30412EC403}.Debug|Any CPU.ActiveCfg = Debug|Any CPU
		{0C3E8779-6F07-83CD-6376-FA30412EC403}.Debug|Any CPU.Build.0 = Debug|Any CPU
		{0C3E8779-6F07-83CD-6376-FA30412EC403}.Release|Any CPU.ActiveCfg = Release|Any CPU
		{0C3E8779-6F07-83CD-6376-FA30412EC403}.Release|Any CPU.Build.0 = Release|Any CPU
		{5C40A2B9-7A5E-6512-2009-9FA931D1FDAE}.Debug|Any CPU.ActiveCfg = Debug|Any CPU
		{5C40A2B9-7A5E-6512-2009-9FA931D1FDAE}.Debug|Any CPU.Build.0 = Debug|Any CPU
		{5C40A2B9-7A5E-6512-2009-9FA931D1FDAE}.Release|Any CPU.ActiveCfg = Release|Any CPU
		{5C40A2B9-7A5E-6512-2009-9FA931D1FDAE}.Release|Any CPU.Build.0 = Release|Any CPU
	EndGlobalSection
	GlobalSection(SolutionProperties) = preSolution
		HideSolutionNode = FALSE
	EndGlobalSection
EndGlobal
